
Microsoft Visual Studio Solution File, Format Version 12.00
# Visual Studio Version 16
VisualStudioVersion = 16.0.31624.102
MinimumVisualStudioVersion = 10.0.40219.1
Project("{FAE04EC0-301F-11D3-BF4B-00C04F79EFBC}") = "Cadastrodeseries", "Cadastrodeseries.csproj", "{D483AC55-70B4-4283-AE4F-DA3ADE51BD87}"
EndProject
Global
	GlobalSection(SolutionConfigurationPlatforms) = preSolution
		Debug|Any CPU = Debug|Any CPU
		Release|Any CPU = Release|Any CPU
	EndGlobalSection
	GlobalSection(ProjectConfigurationPlatforms) = postSolution
		{D483AC55-70B4-4283-AE4F-DA3ADE51BD87}.Debug|Any CPU.ActiveCfg = Debug|Any CPU
		{D483AC55-70B4-4283-AE4F-DA3ADE51BD87}.Debug|Any CPU.Build.0 = Debug|Any CPU
		{D483AC55-70B4-4283-AE4F-DA3ADE51BD87}.Release|Any CPU.ActiveCfg = Release|Any CPU
		{D483AC55-70B4-4283-AE4F-DA3ADE51BD87}.Release|Any CPU.Build.0 = Release|Any CPU
	EndGlobalSection
	GlobalSection(SolutionProperties) = preSolution
		HideSolutionNode = FALSE
	EndGlobalSection
	GlobalSection(ExtensibilityGlobals) = postSolution
		SolutionGuid = {CF38FC82-A9D2-4AA3-B0C4-A65E6C1E9077}
	EndGlobalSection
EndGlobal
